
Microsoft Visual Studio Solution File, Format Version 12.00
# Visual Studio 15
VisualStudioVersion = 15.0.28307.572
MinimumVisualStudioVersion = 10.0.40219.1
Project("{FAE04EC0-301F-11D3-BF4B-00C04F79EFBC}") = "Voice Conversion", "Voice Conversion\Voice Conversion.csproj", "{95D91CF8-DA87-4505-A45C-3FB17D69283A}"
EndProject
Global
	GlobalSection(SolutionConfigurationPlatforms) = preSolution
		Debug|Any CPU = Debug|Any CPU
		Release|Any CPU = Release|Any CPU
	EndGlobalSection
	GlobalSection(ProjectConfigurationPlatforms) = postSolution
		{95D91CF8-DA87-4505-A45C-3FB17D69283A}.Debug|Any CPU.ActiveCfg = Debug|Any CPU
		{95D91CF8-DA87-4505-A45C-3FB17D69283A}.Debug|Any CPU.Build.0 = Debug|Any CPU
		{95D91CF8-DA87-4505-A45C-3FB17D69283A}.Release|Any CPU.ActiveCfg = Release|Any CPU
		{95D91CF8-DA87-4505-A45C-3FB17D69283A}.Release|Any CPU.Build.0 = Release|Any CPU
	EndGlobalSection
	GlobalSection(SolutionProperties) = preSolution
		HideSolutionNode = FALSE
	EndGlobalSection
	GlobalSection(ExtensibilityGlobals) = postSolution
		SolutionGuid = {6AAF9416-2032-4048-9910-214596F386FB}
	EndGlobalSection
EndGlobal
